
Microsoft Visual Studio Solution File, Format Version 12.00
Project("{FAE04EC0-301F-11D3-BF4B-00C04F79EFBC}") = "ICommand", "ICommand\ICommand.csproj", "{56087ECD-D951-4462-88B1-6ED1EADA15B0}"
EndProject
Global
	GlobalSection(SolutionConfigurationPlatforms) = preSolution
		Debug|Any CPU = Debug|Any CPU
		Release|Any CPU = Release|Any CPU
	EndGlobalSection
	GlobalSection(ProjectConfigurationPlatforms) = postSolution
		{56087ECD-D951-4462-88B1-6ED1EADA15B0}.Debug|Any CPU.ActiveCfg = Debug|Any CPU
		{56087ECD-D951-4462-88B1-6ED1EADA15B0}.Debug|Any CPU.Build.0 = Debug|Any CPU
		{56087ECD-D951-4462-88B1-6ED1EADA15B0}.Release|Any CPU.ActiveCfg = Release|Any CPU
		{56087ECD-D951-4462-88B1-6ED1EADA15B0}.Release|Any CPU.Build.0 = Release|Any CPU
	EndGlobalSection
EndGlobal
